
Microsoft Visual Studio Solution File, Format Version 12.00
# Visual Studio Version 17
VisualStudioVersion = 17.10.35122.118
MinimumVisualStudioVersion = 10.0.40219.1
Project("{FAE04EC0-301F-11D3-BF4B-00C04F79EFBC}") = "ECommerceApp", "ECommerceApp\ECommerceApp.csproj", "{2DFB8CA8-9658-4340-8B3D-3521058A349E}"
EndProject
Global
	GlobalSection(SolutionConfigurationPlatforms) = preSolution
		Debug|Any CPU = Debug|Any CPU
		Release|Any CPU = Release|Any CPU
	EndGlobalSection
	GlobalSection(ProjectConfigurationPlatforms) = postSolution
		{2DFB8CA8-9658-4340-8B3D-3521058A349E}.Debug|Any CPU.ActiveCfg = Debug|Any CPU
		{2DFB8CA8-9658-4340-8B3D-3521058A349E}.Debug|Any CPU.Build.0 = Debug|Any CPU
		{2DFB8CA8-9658-4340-8B3D-3521058A349E}.Release|Any CPU.ActiveCfg = Release|Any CPU
		{2DFB8CA8-9658-4340-8B3D-3521058A349E}.Release|Any CPU.Build.0 = Release|Any CPU
	EndGlobalSection
	GlobalSection(SolutionProperties) = preSolution
		HideSolutionNode = FALSE
	EndGlobalSection
	GlobalSection(ExtensibilityGlobals) = postSolution
		SolutionGuid = {15C680C0-EEE3-406D-807E-2B60CFA12724}
	EndGlobalSection
EndGlobal
